
Microsoft Visual Studio Solution File, Format Version 12.00
# Visual Studio Version 16
VisualStudioVersion = 16.0.31019.35
MinimumVisualStudioVersion = 10.0.40219.1
Project("{2150E333-8FDC-42A3-9474-1A3956D46DE8}") = "src", "src", "{B8D104BE-891F-4AE7-96B7-6E20851A2847}"
EndProject
Project("{2150E333-8FDC-42A3-9474-1A3956D46DE8}") = "services", "services", "{BFB422A3-0365-4616-845D-D0B1C9479C0E}"
EndProject
Project("{2150E333-8FDC-42A3-9474-1A3956D46DE8}") = "building blocks", "building blocks", "{1C37B8AD-6FF7-4E88-8669-D76850053D70}"
EndProject
Project("{2150E333-8FDC-42A3-9474-1A3956D46DE8}") = "Services", "Services", "{E6448D24-0EAC-4ED9-BF8D-6EF40ABF1798}"
EndProject
Project("{9A19103F-16F7-4668-BE54-9A1E7A4F7556}") = "FastFeet.WebApi.Core", "src\building blocks\FastFeet.WebApi.Core\FastFeet.WebApi.Core.csproj", "{0150E704-D282-43D0-A672-2740BAD07CC1}"
EndProject
Project("{2150E333-8FDC-42A3-9474-1A3956D46DE8}") = "Identidade", "Identidade", "{BA099EA8-6809-4603-97E8-E83195C746C3}"
EndProject
Project("{9A19103F-16F7-4668-BE54-9A1E7A4F7556}") = "FastFeet.Identity.API", "src\services\FastFeet.Identity.API\FastFeet.Identity.API.csproj", "{56277E22-39D2-49EC-9E16-3E4C3019FD55}"
EndProject
Project("{9A19103F-16F7-4668-BE54-9A1E7A4F7556}") = "FastFeet.API", "src\services\FastFeet.API\FastFeet.API.csproj", "{3F0F441A-ABB5-4850-B588-F0225C5D8B99}"
EndProject
Project("{2150E333-8FDC-42A3-9474-1A3956D46DE8}") = "Domain", "Domain", "{C4EA68E0-CDE6-44D3-B420-AC2A8C319A88}"
EndProject
Project("{FAE04EC0-301F-11D3-BF4B-00C04F79EFBC}") = "FastFeet.Dominio", "FastFeet.Dominio\FastFeet.Dominio.csproj", "{31D11D1B-81A1-4901-8E9F-0C27FC228FAF}"
EndProject
Global
	GlobalSection(SolutionConfigurationPlatforms) = preSolution
		Debug|Any CPU = Debug|Any CPU
		Release|Any CPU = Release|Any CPU
	EndGlobalSection
	GlobalSection(ProjectConfigurationPlatforms) = postSolution
		{0150E704-D282-43D0-A672-2740BAD07CC1}.Debug|Any CPU.ActiveCfg = Debug|Any CPU
		{0150E704-D282-43D0-A672-2740BAD07CC1}.Debug|Any CPU.Build.0 = Debug|Any CPU
		{0150E704-D282-43D0-A672-2740BAD07CC1}.Release|Any CPU.ActiveCfg = Release|Any CPU
		{0150E704-D282-43D0-A672-2740BAD07CC1}.Release|Any CPU.Build.0 = Release|Any CPU
		{56277E22-39D2-49EC-9E16-3E4C3019FD55}.Debug|Any CPU.ActiveCfg = Debug|Any CPU
		{56277E22-39D2-49EC-9E16-3E4C3019FD55}.Debug|Any CPU.Build.0 = Debug|Any CPU
		{56277E22-39D2-49EC-9E16-3E4C3019FD55}.Release|Any CPU.ActiveCfg = Release|Any CPU
		{56277E22-39D2-49EC-9E16-3E4C3019FD55}.Release|Any CPU.Build.0 = Release|Any CPU
		{3F0F441A-ABB5-4850-B588-F0225C5D8B99}.Debug|Any CPU.ActiveCfg = Debug|Any CPU
		{3F0F441A-ABB5-4850-B588-F0225C5D8B99}.Debug|Any CPU.Build.0 = Debug|Any CPU
		{3F0F441A-ABB5-4850-B588-F0225C5D8B99}.Release|Any CPU.ActiveCfg = Release|Any CPU
		{3F0F441A-ABB5-4850-B588-F0225C5D8B99}.Release|Any CPU.Build.0 = Release|Any CPU
		{31D11D1B-81A1-4901-8E9F-0C27FC228FAF}.Debug|Any CPU.ActiveCfg = Debug|Any CPU
		{31D11D1B-81A1-4901-8E9F-0C27FC228FAF}.Debug|Any CPU.Build.0 = Debug|Any CPU
		{31D11D1B-81A1-4901-8E9F-0C27FC228FAF}.Release|Any CPU.ActiveCfg = Release|Any CPU
		{31D11D1B-81A1-4901-8E9F-0C27FC228FAF}.Release|Any CPU.Build.0 = Release|Any CPU
	EndGlobalSection
	GlobalSection(SolutionProperties) = preSolution
		HideSolutionNode = FALSE
	EndGlobalSection
	GlobalSection(NestedProjects) = preSolution
		{BFB422A3-0365-4616-845D-D0B1C9479C0E} = {B8D104BE-891F-4AE7-96B7-6E20851A2847}
		{1C37B8AD-6FF7-4E88-8669-D76850053D70} = {B8D104BE-891F-4AE7-96B7-6E20851A2847}
		{E6448D24-0EAC-4ED9-BF8D-6EF40ABF1798} = {1C37B8AD-6FF7-4E88-8669-D76850053D70}
		{0150E704-D282-43D0-A672-2740BAD07CC1} = {E6448D24-0EAC-4ED9-BF8D-6EF40ABF1798}
		{BA099EA8-6809-4603-97E8-E83195C746C3} = {BFB422A3-0365-4616-845D-D0B1C9479C0E}
		{56277E22-39D2-49EC-9E16-3E4C3019FD55} = {BA099EA8-6809-4603-97E8-E83195C746C3}
		{3F0F441A-ABB5-4850-B588-F0225C5D8B99} = {BFB422A3-0365-4616-845D-D0B1C9479C0E}
		{C4EA68E0-CDE6-44D3-B420-AC2A8C319A88} = {BFB422A3-0365-4616-845D-D0B1C9479C0E}
		{31D11D1B-81A1-4901-8E9F-0C27FC228FAF} = {C4EA68E0-CDE6-44D3-B420-AC2A8C319A88}
	EndGlobalSection
	GlobalSection(ExtensibilityGlobals) = postSolution
		SolutionGuid = {2100BFE2-9967-46F4-93C4-695F5BD7A189}
	EndGlobalSection
EndGlobal
